// !$*UTF8*$!
{
	archiveVersion = 1;
	classes = {
	};
	objectVersion = 50;
	objects = {

/* Begin PBXBuildFile section */
		729E9AD920A9CBC60093CD1D /* Directory+CoreDataClass.swift in Sources */ = {isa = PBXBuildFile; fileRef = 729E9AD720A9CBC60093CD1D /* Directory+CoreDataClass.swift */; };
		729E9ADA20A9CBC60093CD1D /* Directory+CoreDataProperties.swift in Sources */ = {isa = PBXBuildFile; fileRef = 729E9AD820A9CBC60093CD1D /* Directory+CoreDataProperties.swift */; };
		729E9ADC20A9D6620093CD1D /* TableViewCell.swift in Sources */ = {isa = PBXBuildFile; fileRef = 729E9ADB20A9D6620093CD1D /* TableViewCell.swift */; };
		72A25F4320A9708900FB70AA /* AppDelegate.swift in Sources */ = {isa = PBXBuildFile; fileRef = 72A25F4220A9708900FB70AA /* AppDelegate.swift */; };
		72A25F4520A9708900FB70AA /* ViewController.swift in Sources */ = {isa = PBXBuildFile; fileRef = 72A25F4420A9708900FB70AA /* ViewController.swift */; };
		72A25F4820A9708900FB70AA /* Main.storyboard in Resources */ = {isa = PBXBuildFile; fileRef = 72A25F4620A9708900FB70AA /* Main.storyboard */; };
		72A25F4B20A9708900FB70AA /* homework2_movetopage.xcdatamodeld in Sources */ = {isa = PBXBuildFile; fileRef = 72A25F4920A9708900FB70AA /* homework2_movetopage.xcdatamodeld */; };
		72A25F4D20A9708B00FB70AA /* Assets.xcassets in Resources */ = {isa = PBXBuildFile; fileRef = 72A25F4C20A9708B00FB70AA /* Assets.xcassets */; };
		72A25F5020A9708B00FB70AA /* LaunchScreen.storyboard in Resources */ = {isa = PBXBuildFile; fileRef = 72A25F4E20A9708B00FB70AA /* LaunchScreen.storyboard */; };
		72A25F5B20A9708B00FB70AA /* homework2_movetopageTests.swift in Sources */ = {isa = PBXBuildFile; fileRef = 72A25F5A20A9708B00FB70AA /* homework2_movetopageTests.swift */; };
		72A25F6620A9708B00FB70AA /* homework2_movetopageUITests.swift in Sources */ = {isa = PBXBuildFile; fileRef = 72A25F6520A9708B00FB70AA /* homework2_movetopageUITests.swift */; };
		72A25F7420A9AC3500FB70AA /* TableViewController.swift in Sources */ = {isa = PBXBuildFile; fileRef = 72A25F7320A9AC3500FB70AA /* TableViewController.swift */; };
		72A25F7820A9B5CB00FB70AA /* AddViewController.swift in Sources */ = {isa = PBXBuildFile; fileRef = 72A25F7720A9B5CB00FB70AA /* AddViewController.swift */; };
		72A25F7A20A9BF2B00FB70AA /* EditViewController.swift in Sources */ = {isa = PBXBuildFile; fileRef = 72A25F7920A9BF2B00FB70AA /* EditViewController.swift */; };
/* End PBXBuildFile section */

/* Begin PBXContainerItemProxy section */
		72A25F5720A9708B00FB70AA /* PBXContainerItemProxy */ = {
			isa = PBXContainerItemProxy;
			containerPortal = 72A25F3720A9708900FB70AA /* Project object */;
			proxyType = 1;
			remoteGlobalIDString = 72A25F3E20A9708900FB70AA;
			remoteInfo = homework2_movetopage;
		};
		72A25F6220A9708B00FB70AA /* PBXContainerItemProxy */ = {
			isa = PBXContainerItemProxy;
			containerPortal = 72A25F3720A9708900FB70AA /* Project object */;
			proxyType = 1;
			remoteGlobalIDString = 72A25F3E20A9708900FB70AA;
			remoteInfo = homework2_movetopage;
		};
/* End PBXContainerItemProxy section */

/* Begin PBXFileReference section */
		729E9AD720A9CBC60093CD1D /* Directory+CoreDataClass.swift */ = {isa = PBXFileReference; lastKnownFileType = sourcecode.swift; name = "Directory+CoreDataClass.swift"; path = "../Directory+CoreDataClass.swift"; sourceTree = "<group>"; };
		729E9AD820A9CBC60093CD1D /* Directory+CoreDataProperties.swift */ = {isa = PBXFileReference; lastKnownFileType = sourcecode.swift; name = "Directory+CoreDataProperties.swift"; path = "../Directory+CoreDataProperties.swift"; sourceTree = "<group>"; };
		729E9ADB20A9D6620093CD1D /* TableViewCell.swift */ = {isa = PBXFileReference; lastKnownFileType = sourcecode.swift; path = TableViewCell.swift; sourceTree = "<group>"; };
		72A25F3F20A9708900FB70AA /* homework2_movetopage.app */ = {isa = PBXFileReference; explicitFileType = wrapper.application; includeInIndex = 0; path = homework2_movetopage.app; sourceTree = BUILT_PRODUCTS_DIR; };
		72A25F4220A9708900FB70AA /* AppDelegate.swift */ = {isa = PBXFileReference; lastKnownFileType = sourcecode.swift; path = AppDelegate.swift; sourceTree = "<group>"; };
		72A25F4420A9708900FB70AA /* ViewController.swift */ = {isa = PBXFileReference; lastKnownFileType = sourcecode.swift; path = ViewController.swift; sourceTree = "<group>"; };
		72A25F4720A9708900FB70AA /* Base */ = {isa = PBXFileReference; lastKnownFileType = file.storyboard; name = Base; path = Base.lproj/Main.storyboard; sourceTree = "<group>"; };
		72A25F4A20A9708900FB70AA /* homework2_movetopage.xcdatamodel */ = {isa = PBXFileReference; lastKnownFileType = wrapper.xcdatamodel; path = homework2_movetopage.xcdatamodel; sourceTree = "<group>"; };
		72A25F4C20A9708B00FB70AA /* Assets.xcassets */ = {isa = PBXFileReference; lastKnownFileType = folder.assetcatalog; path = Assets.xcassets; sourceTree = "<group>"; };
		72A25F4F20A9708B00FB70AA /* Base */ = {isa = PBXFileReference; lastKnownFileType = file.storyboard; name = Base; path = Base.lproj/LaunchScreen.storyboard; sourceTree = "<group>"; };
		72A25F5120A9708B00FB70AA /* Info.plist */ = {isa = PBXFileReference; lastKnownFileType = text.plist.xml; path = Info.plist; sourceTree = "<group>"; };
		72A25F5620A9708B00FB70AA /* homework2_movetopageTests.xctest */ = {isa = PBXFileReference; explicitFileType = wrapper.cfbundle; includeInIndex = 0; path = homework2_movetopageTests.xctest; sourceTree = BUILT_PRODUCTS_DIR; };
		72A25F5A20A9708B00FB70AA /* homework2_movetopageTests.swift */ = {isa = PBXFileReference; lastKnownFileType = sourcecode.swift; path = homework2_movetopageTests.swift; sourceTree = "<group>"; };
		72A25F5C20A9708B00FB70AA /* Info.plist */ = {isa = PBXFileReference; lastKnownFileType = text.plist.xml; path = Info.plist; sourceTree = "<group>"; };
		72A25F6120A9708B00FB70AA /* homework2_movetopageUITests.xctest */ = {isa = PBXFileReference; explicitFileType = wrapper.cfbundle; includeInIndex = 0; path = homework2_movetopageUITests.xctest; sourceTree = BUILT_PRODUCTS_DIR; };
		72A25F6520A9708B00FB70AA /* homework2_movetopageUITests.swift */ = {isa = PBXFileReference; lastKnownFileType = sourcecode.swift; path = homework2_movetopageUITests.swift; sourceTree = "<group>"; };
		72A25F6720A9708B00FB70AA /* Info.plist */ = {isa = PBXFileReference; lastKnownFileType = text.plist.xml; path = Info.plist; sourceTree = "<group>"; };
		72A25F7320A9AC3500FB70AA /* TableViewController.swift */ = {isa = PBXFileReference; lastKnownFileType = sourcecode.swift; path = TableViewController.swift; sourceTree = "<group>"; };
		72A25F7720A9B5CB00FB70AA /* AddViewController.swift */ = {isa = PBXFileReference; lastKnownFileType = sourcecode.swift; path = AddViewController.swift; sourceTree = "<group>"; };
		72A25F7920A9BF2B00FB70AA /* EditViewController.swift */ = {isa = PBXFileReference; lastKnownFileType = sourcecode.swift; path = EditViewController.swift; sourceTree = "<group>"; };
/* End PBXFileReference section */

/* Begin PBXFrameworksBuildPhase section */
		72A25F3C20A9708900FB70AA /* Frameworks */ = {
			isa = PBXFrameworksBuildPhase;
			buildActionMask = 2147483647;
			files = (
			);
			runOnlyForDeploymentPostprocessing = 0;
		};
		72A25F5320A9708B00FB70AA /* Frameworks */ = {
			isa = PBXFrameworksBuildPhase;
			buildActionMask = 2147483647;
			files = (
			);
			runOnlyForDeploymentPostprocessing = 0;
		};
		72A25F5E20A9708B00FB70AA /* Frameworks */ = {
			isa = PBXFrameworksBuildPhase;
			buildActionMask = 2147483647;
			files = (
			);
			runOnlyForDeploymentPostprocessing = 0;
		};
/* End PBXFrameworksBuildPhase section */

/* Begin PBXGroup section */
		72A25F3620A9708900FB70AA = {
			isa = PBXGroup;
			children = (
				72A25F4120A9708900FB70AA /* homework2_movetopage */,
				72A25F5920A9708B00FB70AA /* homework2_movetopageTests */,
				72A25F6420A9708B00FB70AA /* homework2_movetopageUITests */,
				72A25F4020A9708900FB70AA /* Products */,
			);
			sourceTree = "<group>";
		};
		72A25F4020A9708900FB70AA /* Products */ = {
			isa = PBXGroup;
			children = (
				72A25F3F20A9708900FB70AA /* homework2_movetopage.app */,
				72A25F5620A9708B00FB70AA /* homework2_movetopageTests.xctest */,
				72A25F6120A9708B00FB70AA /* homework2_movetopageUITests.xctest */,
			);
			name = Products;
			sourceTree = "<group>";
		};
		72A25F4120A9708900FB70AA /* homework2_movetopage */ = {
			isa = PBXGroup;
			children = (
				729E9AD720A9CBC60093CD1D /* Directory+CoreDataClass.swift */,
				729E9AD820A9CBC60093CD1D /* Directory+CoreDataProperties.swift */,
				72A25F4220A9708900FB70AA /* AppDelegate.swift */,
				72A25F4420A9708900FB70AA /* ViewController.swift */,
				72A25F4620A9708900FB70AA /* Main.storyboard */,
				72A25F4C20A9708B00FB70AA /* Assets.xcassets */,
				72A25F4E20A9708B00FB70AA /* LaunchScreen.storyboard */,
				72A25F5120A9708B00FB70AA /* Info.plist */,
				72A25F4920A9708900FB70AA /* homework2_movetopage.xcdatamodeld */,
				72A25F7320A9AC3500FB70AA /* TableViewController.swift */,
				72A25F7720A9B5CB00FB70AA /* AddViewController.swift */,
				72A25F7920A9BF2B00FB70AA /* EditViewController.swift */,
				729E9ADB20A9D6620093CD1D /* TableViewCell.swift */,
			);
			path = homework2_movetopage;
			sourceTree = "<group>";
		};
		72A25F5920A9708B00FB70AA /* homework2_movetopageTests */ = {
			isa = PBXGroup;
			children = (
				72A25F5A20A9708B00FB70AA /* homework2_movetopageTests.swift */,
				72A25F5C20A9708B00FB70AA /* Info.plist */,
			);
			path = homework2_movetopageTests;
			sourceTree = "<group>";
		};
		72A25F6420A9708B00FB70AA /* homework2_movetopageUITests */ = {
			isa = PBXGroup;
			children = (
				72A25F6520A9708B00FB70AA /* homework2_movetopageUITests.swift */,
				72A25F6720A9708B00FB70AA /* Info.plist */,
			);
			path = homework2_movetopageUITests;
			sourceTree = "<group>";
		};
/* End PBXGroup section */

/* Begin PBXNativeTarget section */
		72A25F3E20A9708900FB70AA /* homework2_movetopage */ = {
			isa = PBXNativeTarget;
			buildConfigurationList = 72A25F6A20A9708B00FB70AA /* Build configuration list for PBXNativeTarget "homework2_movetopage" */;
			buildPhases = (
				72A25F3B20A9708900FB70AA /* Sources */,
				72A25F3C20A9708900FB70AA /* Frameworks */,
				72A25F3D20A9708900FB70AA /* Resources */,
			);
			buildRules = (
			);
			dependencies = (
			);
			name = homework2_movetopage;
			productName = homework2_movetopage;
			productReference = 72A25F3F20A9708900FB70AA /* homework2_movetopage.app */;
			productType = "com.apple.product-type.application";
		};
		72A25F5520A9708B00FB70AA /* homework2_movetopageTests */ = {
			isa = PBXNativeTarget;
			buildConfigurationList = 72A25F6D20A9708B00FB70AA /* Build configuration list for PBXNativeTarget "homework2_movetopageTests" */;
			buildPhases = (
				72A25F5220A9708B00FB70AA /* Sources */,
				72A25F5320A9708B00FB70AA /* Frameworks */,
				72A25F5420A9708B00FB70AA /* Resources */,
			);
			buildRules = (
			);
			dependencies = (
				72A25F5820A9708B00FB70AA /* PBXTargetDependency */,
			);
			name = homework2_movetopageTests;
			productName = homework2_movetopageTests;
			productReference = 72A25F5620A9708B00FB70AA /* homework2_movetopageTests.xctest */;
			productType = "com.apple.product-type.bundle.unit-test";
		};
		72A25F6020A9708B00FB70AA /* homework2_movetopageUITests */ = {
			isa = PBXNativeTarget;
			buildConfigurationList = 72A25F7020A9708B00FB70AA /* Build configuration list for PBXNativeTarget "homework2_movetopageUITests" */;
			buildPhases = (
				72A25F5D20A9708B00FB70AA /* Sources */,
				72A25F5E20A9708B00FB70AA /* Frameworks */,
				72A25F5F20A9708B00FB70AA /* Resources */,
			);
			buildRules = (
			);
			dependencies = (
				72A25F6320A9708B00FB70AA /* PBXTargetDependency */,
			);
			name = homework2_movetopageUITests;
			productName = homework2_movetopageUITests;
			productReference = 72A25F6120A9708B00FB70AA /* homework2_movetopageUITests.xctest */;
			productType = "com.apple.product-type.bundle.ui-testing";
		};
/* End PBXNativeTarget section */

/* Begin PBXProject section */
		72A25F3720A9708900FB70AA /* Project object */ = {
			isa = PBXProject;
			attributes = {
				LastSwiftUpdateCheck = 0930;
				LastUpgradeCheck = 0930;
				ORGANIZATIONNAME = "Byungdoo Han";
				TargetAttributes = {
					72A25F3E20A9708900FB70AA = {
						CreatedOnToolsVersion = 9.3;
					};
					72A25F5520A9708B00FB70AA = {
						CreatedOnToolsVersion = 9.3;
						TestTargetID = 72A25F3E20A9708900FB70AA;
					};
					72A25F6020A9708B00FB70AA = {
						CreatedOnToolsVersion = 9.3;
						TestTargetID = 72A25F3E20A9708900FB70AA;
					};
				};
			};
			buildConfigurationList = 72A25F3A20A9708900FB70AA /* Build configuration list for PBXProject "homework2_movetopage" */;
			compatibilityVersion = "Xcode 9.3";
			developmentRegion = en;
			hasScannedForEncodings = 0;
			knownRegions = (
				en,
				Base,
			);
			mainGroup = 72A25F3620A9708900FB70AA;
			productRefGroup = 72A25F4020A9708900FB70AA /* Products */;
			projectDirPath = "";
			projectRoot = "";
			targets = (
				72A25F3E20A9708900FB70AA /* homework2_movetopage */,
				72A25F5520A9708B00FB70AA /* homework2_movetopageTests */,
				72A25F6020A9708B00FB70AA /* homework2_movetopageUITests */,
			);
		};
/* End PBXProject section */

/* Begin PBXResourcesBuildPhase section */
		72A25F3D20A9708900FB70AA /* Resources */ = {
			isa = PBXResourcesBuildPhase;
			buildActionMask = 2147483647;
			files = (
				72A25F5020A9708B00FB70AA /* LaunchScreen.storyboard in Resources */,
				72A25F4D20A9708B00FB70AA /* Assets.xcassets in Resources */,
				72A25F4820A9708900FB70AA /* Main.storyboard in Resources */,
			);
			runOnlyForDeploymentPostprocessing = 0;
		};
		72A25F5420A9708B00FB70AA /* Resources */ = {
			isa = PBXResourcesBuildPhase;
			buildActionMask = 2147483647;
			files = (
			);
			runOnlyForDeploymentPostprocessing = 0;
		};
		72A25F5F20A9708B00FB70AA /* Resources */ = {
			isa = PBXResourcesBuildPhase;
			buildActionMask = 2147483647;
			files = (
			);
			runOnlyForDeploymentPostprocessing = 0;
		};
/* End PBXResourcesBuildPhase section */

/* Begin PBXSourcesBuildPhase section */
		72A25F3B20A9708900FB70AA /* Sources */ = {
			isa = PBXSourcesBuildPhase;
			buildActionMask = 2147483647;
			files = (
				72A25F7820A9B5CB00FB70AA /* AddViewController.swift in Sources */,
				729E9ADA20A9CBC60093CD1D /* Directory+CoreDataProperties.swift in Sources */,
				72A25F4520A9708900FB70AA /* ViewController.swift in Sources */,
				729E9ADC20A9D6620093CD1D /* TableViewCell.swift in Sources */,
				72A25F7A20A9BF2B00FB70AA /* EditViewController.swift in Sources */,
				72A25F4B20A9708900FB70AA /* homework2_movetopage.xcdatamodeld in Sources */,
				72A25F4320A9708900FB70AA /* AppDelegate.swift in Sources */,
				72A25F7420A9AC3500FB70AA /* TableViewController.swift in Sources */,
				729E9AD920A9CBC60093CD1D /* Directory+CoreDataClass.swift in Sources */,
			);
			runOnlyForDeploymentPostprocessing = 0;
		};
		72A25F5220A9708B00FB70AA /* Sources */ = {
			isa = PBXSourcesBuildPhase;
			buildActionMask = 2147483647;
			files = (
				72A25F5B20A9708B00FB70AA /* homework2_movetopageTests.swift in Sources */,
			);
			runOnlyForDeploymentPostprocessing = 0;
		};
		72A25F5D20A9708B00FB70AA /* Sources */ = {
			isa = PBXSourcesBuildPhase;
			buildActionMask = 2147483647;
			files = (
				72A25F6620A9708B00FB70AA /* homework2_movetopageUITests.swift in Sources */,
			);
			runOnlyForDeploymentPostprocessing = 0;
		};
/* End PBXSourcesBuildPhase section */

/* Begin PBXTargetDependency section */
		72A25F5820A9708B00FB70AA /* PBXTargetDependency */ = {
			isa = PBXTargetDependency;
			target = 72A25F3E20A9708900FB70AA /* homework2_movetopage */;
			targetProxy = 72A25F5720A9708B00FB70AA /* PBXContainerItemProxy */;
		};
		72A25F6320A9708B00FB70AA /* PBXTargetDependency */ = {
			isa = PBXTargetDependency;
			target = 72A25F3E20A9708900FB70AA /* homework2_movetopage */;
			targetProxy = 72A25F6220A9708B00FB70AA /* PBXContainerItemProxy */;
		};
/* End PBXTargetDependency section */

/* Begin PBXVariantGroup section */
		72A25F4620A9708900FB70AA /* Main.storyboard */ = {
			isa = PBXVariantGroup;
			children = (
				72A25F4720A9708900FB70AA /* Base */,
			);
			name = Main.storyboard;
			sourceTree = "<group>";
		};
		72A25F4E20A9708B00FB70AA /* LaunchScreen.storyboard */ = {
			isa = PBXVariantGroup;
			children = (
				72A25F4F20A9708B00FB70AA /* Base */,
			);
			name = LaunchScreen.storyboard;
			sourceTree = "<group>";
		};
/* End PBXVariantGroup section */

/* Begin XCBuildConfiguration section */
		72A25F6820A9708B00FB70AA /* Debug */ = {
			isa = XCBuildConfiguration;
			buildSettings = {
				ALWAYS_SEARCH_USER_PATHS = NO;
				CLANG_ANALYZER_NONNULL = YES;
				CLANG_ANALYZER_NUMBER_OBJECT_CONVERSION = YES_AGGRESSIVE;
				CLANG_CXX_LANGUAGE_STANDARD = "gnu++14";
				CLANG_CXX_LIBRARY = "libc++";
				CLANG_ENABLE_MODULES = YES;
				CLANG_ENABLE_OBJC_ARC = YES;
				CLANG_ENABLE_OBJC_WEAK = YES;
				CLANG_WARN_BLOCK_CAPTURE_AUTORELEASING = YES;
				CLANG_WARN_BOOL_CONVERSION = YES;
				CLANG_WARN_COMMA = YES;
				CLANG_WARN_CONSTANT_CONVERSION = YES;
				CLANG_WARN_DEPRECATED_OBJC_IMPLEMENTATIONS = YES;
				CLANG_WARN_DIRECT_OBJC_ISA_USAGE = YES_ERROR;
				CLANG_WARN_DOCUMENTATION_COMMENTS = YES;
				CLANG_WARN_EMPTY_BODY = YES;
				CLANG_WARN_ENUM_CONVERSION = YES;
				CLANG_WARN_INFINITE_RECURSION = YES;
				CLANG_WARN_INT_CONVERSION = YES;
				CLANG_WARN_NON_LITERAL_NULL_CONVERSION = YES;
				CLANG_WARN_OBJC_IMPLICIT_RETAIN_SELF = YES;
				CLANG_WARN_OBJC_LITERAL_CONVERSION = YES;
				CLANG_WARN_OBJC_ROOT_CLASS = YES_ERROR;
				CLANG_WARN_RANGE_LOOP_ANALYSIS = YES;
				CLANG_WARN_STRICT_PROTOTYPES = YES;
				CLANG_WARN_SUSPICIOUS_MOVE = YES;
				CLANG_WARN_UNGUARDED_AVAILABILITY = YES_AGGRESSIVE;
				CLANG_WARN_UNREACHABLE_CODE = YES;
				CLANG_WARN__DUPLICATE_METHOD_MATCH = YES;
				CODE_SIGN_IDENTITY = "iPhone Developer";
				COPY_PHASE_STRIP = NO;
				DEBUG_INFORMATION_FORMAT = dwarf;
				ENABLE_STRICT_OBJC_MSGSEND = YES;
				ENABLE_TESTABILITY = YES;
				GCC_C_LANGUAGE_STANDARD = gnu11;
				GCC_DYNAMIC_NO_PIC = NO;
				GCC_NO_COMMON_BLOCKS = YES;
				GCC_OPTIMIZATION_LEVEL = 0;
				GCC_PREPROCESSOR_DEFINITIONS = (
					"DEBUG=1",
					"$(inherited)",
				);
				GCC_WARN_64_TO_32_BIT_CONVERSION = YES;
				GCC_WARN_ABOUT_RETURN_TYPE = YES_ERROR;
				GCC_WARN_UNDECLARED_SELECTOR = YES;
				GCC_WARN_UNINITIALIZED_AUTOS = YES_AGGRESSIVE;
				GCC_WARN_UNUSED_FUNCTION = YES;
				GCC_WARN_UNUSED_VARIABLE = YES;
				IPHONEOS_DEPLOYMENT_TARGET = 11.3;
				MTL_ENABLE_DEBUG_INFO = YES;
				ONLY_ACTIVE_ARCH = YES;
				SDKROOT = iphoneos;
				SWIFT_ACTIVE_COMPILATION_CONDITIONS = DEBUG;
				SWIFT_OPTIMIZATION_LEVEL = "-Onone";
			};
			name = Debug;
		};
		72A25F6920A9708B00FB70AA /* Release */ = {
			isa = XCBuildConfiguration;
			buildSettings = {
				ALWAYS_SEARCH_USER_PATHS = NO;
				CLANG_ANALYZER_NONNULL = YES;
				CLANG_ANALYZER_NUMBER_OBJECT_CONVERSION = YES_AGGRESSIVE;
				CLANG_CXX_LANGUAGE_STANDARD = "gnu++14";
				CLANG_CXX_LIBRARY = "libc++";
				CLANG_ENABLE_MODULES = YES;
				CLANG_ENABLE_OBJC_ARC = YES;
				CLANG_ENABLE_OBJC_WEAK = YES;
				CLANG_WARN_BLOCK_CAPTURE_AUTORELEASING = YES;
				CLANG_WARN_BOOL_CONVERSION = YES;
				CLANG_WARN_COMMA = YES;
				CLANG_WARN_CONSTANT_CONVERSION = YES;
				CLANG_WARN_DEPRECATED_OBJC_IMPLEMENTATIONS = YES;
				CLANG_WARN_DIRECT_OBJC_ISA_USAGE = YES_ERROR;
				CLANG_WARN_DOCUMENTATION_COMMENTS = YES;
				CLANG_WARN_EMPTY_BODY = YES;
				CLANG_WARN_ENUM_CONVERSION = YES;
				CLANG_WARN_INFINITE_RECURSION = YES;
				CLANG_WARN_INT_CONVERSION = YES;
				CLANG_WARN_NON_LITERAL_NULL_CONVERSION = YES;
				CLANG_WARN_OBJC_IMPLICIT_RETAIN_SELF = YES;
				CLANG_WARN_OBJC_LITERAL_CONVERSION = YES;
				CLANG_WARN_OBJC_ROOT_CLASS = YES_ERROR;
				CLANG_WARN_RANGE_LOOP_ANALYSIS = YES;
				CLANG_WARN_STRICT_PROTOTYPES = YES;
				CLANG_WARN_SUSPICIOUS_MOVE = YES;
				CLANG_WARN_UNGUARDED_AVAILABILITY = YES_AGGRESSIVE;
				CLANG_WARN_UNREACHABLE_CODE = YES;
				CLANG_WARN__DUPLICATE_METHOD_MATCH = YES;
				CODE_SIGN_IDENTITY = "iPhone Developer";
				COPY_PHASE_STRIP = NO;
				DEBUG_INFORMATION_FORMAT = "dwarf-with-dsym";
				ENABLE_NS_ASSERTIONS = NO;
				ENABLE_STRICT_OBJC_MSGSEND = YES;
				GCC_C_LANGUAGE_STANDARD = gnu11;
				GCC_NO_COMMON_BLOCKS = YES;
				GCC_WARN_64_TO_32_BIT_CONVERSION = YES;
				GCC_WARN_ABOUT_RETURN_TYPE = YES_ERROR;
				GCC_WARN_UNDECLARED_SELECTOR = YES;
				GCC_WARN_UNINITIALIZED_AUTOS = YES_AGGRESSIVE;
				GCC_WARN_UNUSED_FUNCTION = YES;
				GCC_WARN_UNUSED_VARIABLE = YES;
				IPHONEOS_DEPLOYMENT_TARGET = 11.3;
				MTL_ENABLE_DEBUG_INFO = NO;
				SDKROOT = iphoneos;
				SWIFT_COMPILATION_MODE = wholemodule;
				SWIFT_OPTIMIZATION_LEVEL = "-O";
				VALIDATE_PRODUCT = YES;
			};
			name = Release;
		};
		72A25F6B20A9708B00FB70AA /* Debug */ = {
			isa = XCBuildConfiguration;
			buildSettings = {
				ASSETCATALOG_COMPILER_APPICON_NAME = AppIcon;
				CODE_SIGN_STYLE = Automatic;
				INFOPLIST_FILE = homework2_movetopage/Info.plist;
				LD_RUNPATH_SEARCH_PATHS = (
					"$(inherited)",
					"@executable_path/Frameworks",
				);
				PRODUCT_BUNDLE_IDENTIFIER = "com.HBD.homework2-movetopage";
				PRODUCT_NAME = "$(TARGET_NAME)";
				SWIFT_VERSION = 4.0;
				TARGETED_DEVICE_FAMILY = "1,2";
			};
			name = Debug;
		};
		72A25F6C20A9708B00FB70AA /* Release */ = {
			isa = XCBuildConfiguration;
			buildSettings = {
				ASSETCATALOG_COMPILER_APPICON_NAME = AppIcon;
				CODE_SIGN_STYLE = Automatic;
				INFOPLIST_FILE = homework2_movetopage/Info.plist;
				LD_RUNPATH_SEARCH_PATHS = (
					"$(inherited)",
					"@executable_path/Frameworks",
				);
				PRODUCT_BUNDLE_IDENTIFIER = "com.HBD.homework2-movetopage";
				PRODUCT_NAME = "$(TARGET_NAME)";
				SWIFT_VERSION = 4.0;
				TARGETED_DEVICE_FAMILY = "1,2";
			};
			name = Release;
		};
		72A25F6E20A9708B00FB70AA /* Debug */ = {
			isa = XCBuildConfiguration;
			buildSettings = {
				ALWAYS_EMBED_SWIFT_STANDARD_LIBRARIES = YES;
				BUNDLE_LOADER = "$(TEST_HOST)";
				CODE_SIGN_STYLE = Automatic;
				INFOPLIST_FILE = homework2_movetopageTests/Info.plist;
				LD_RUNPATH_SEARCH_PATHS = (
					"$(inherited)",
					"@executable_path/Frameworks",
					"@loader_path/Frameworks",
				);
				PRODUCT_BUNDLE_IDENTIFIER = "com.HBD.homework2-movetopageTests";
				PRODUCT_NAME = "$(TARGET_NAME)";
				SWIFT_VERSION = 4.0;
				TARGETED_DEVICE_FAMILY = "1,2";
				TEST_HOST = "$(BUILT_PRODUCTS_DIR)/homework2_movetopage.app/homework2_movetopage";
			};
			name = Debug;
		};
		72A25F6F20A9708B00FB70AA /* Release */ = {
			isa = XCBuildConfiguration;
			buildSettings = {
				ALWAYS_EMBED_SWIFT_STANDARD_LIBRARIES = YES;
				BUNDLE_LOADER = "$(TEST_HOST)";
				CODE_SIGN_STYLE = Automatic;
				INFOPLIST_FILE = homework2_movetopageTests/Info.plist;
				LD_RUNPATH_SEARCH_PATHS = (
					"$(inherited)",
					"@executable_path/Frameworks",
					"@loader_path/Frameworks",
				);
				PRODUCT_BUNDLE_IDENTIFIER = "com.HBD.homework2-movetopageTests";
				PRODUCT_NAME = "$(TARGET_NAME)";
				SWIFT_VERSION = 4.0;
				TARGETED_DEVICE_FAMILY = "1,2";
				TEST_HOST = "$(BUILT_PRODUCTS_DIR)/homework2_movetopage.app/homework2_movetopage";
			};
			name = Release;
		};
		72A25F7120A9708B00FB70AA /* Debug */ = {
			isa = XCBuildConfiguration;
			buildSettings = {
				ALWAYS_EMBED_SWIFT_STANDARD_LIBRARIES = YES;
				CODE_SIGN_STYLE = Automatic;
				INFOPLIST_FILE = homework2_movetopageUITests/Info.plist;
				LD_RUNPATH_SEARCH_PATHS = (
					"$(inherited)",
					"@executable_path/Frameworks",
					"@loader_path/Frameworks",
				);
				PRODUCT_BUNDLE_IDENTIFIER = "com.HBD.homework2-movetopageUITests";
				PRODUCT_NAME = "$(TARGET_NAME)";
				SWIFT_VERSION = 4.0;
				TARGETED_DEVICE_FAMILY = "1,2";
				TEST_TARGET_NAME = homework2_movetopage;
			};
			name = Debug;
		};
		72A25F7220A9708B00FB70AA /* Release */ = {
			isa = XCBuildConfiguration;
			buildSettings = {
				ALWAYS_EMBED_SWIFT_STANDARD_LIBRARIES = YES;
				CODE_SIGN_STYLE = Automatic;
				INFOPLIST_FILE = homework2_movetopageUITests/Info.plist;
				LD_RUNPATH_SEARCH_PATHS = (
					"$(inherited)",
					"@executable_path/Frameworks",
					"@loader_path/Frameworks",
				);
				PRODUCT_BUNDLE_IDENTIFIER = "com.HBD.homework2-movetopageUITests";
				PRODUCT_NAME = "$(TARGET_NAME)";
				SWIFT_VERSION = 4.0;
				TARGETED_DEVICE_FAMILY = "1,2";
				TEST_TARGET_NAME = homework2_movetopage;
			};
			name = Release;
		};
/* End XCBuildConfiguration section */

/* Begin XCConfigurationList section */
		72A25F3A20A9708900FB70AA /* Build configuration list for PBXProject "homework2_movetopage" */ = {
			isa = XCConfigurationList;
			buildConfigurations = (
				72A25F6820A9708B00FB70AA /* Debug */,
				72A25F6920A9708B00FB70AA /* Release */,
			);
			defaultConfigurationIsVisible = 0;
			defaultConfigurationName = Release;
		};
		72A25F6A20A9708B00FB70AA /* Build configuration list for PBXNativeTarget "homework2_movetopage" */ = {
			isa = XCConfigurationList;
			buildConfigurations = (
				72A25F6B20A9708B00FB70AA /* Debug */,
				72A25F6C20A9708B00FB70AA /* Release */,
			);
			defaultConfigurationIsVisible = 0;
			defaultConfigurationName = Release;
		};
		72A25F6D20A9708B00FB70AA /* Build configuration list for PBXNativeTarget "homework2_movetopageTests" */ = {
			isa = XCConfigurationList;
			buildConfigurations = (
				72A25F6E20A9708B00FB70AA /* Debug */,
				72A25F6F20A9708B00FB70AA /* Release */,
			);
			defaultConfigurationIsVisible = 0;
			defaultConfigurationName = Release;
		};
		72A25F7020A9708B00FB70AA /* Build configuration list for PBXNativeTarget "homework2_movetopageUITests" */ = {
			isa = XCConfigurationList;
			buildConfigurations = (
				72A25F7120A9708B00FB70AA /* Debug */,
				72A25F7220A9708B00FB70AA /* Release */,
			);
			defaultConfigurationIsVisible = 0;
			defaultConfigurationName = Release;
		};
/* End XCConfigurationList section */

/* Begin XCVersionGroup section */
		72A25F4920A9708900FB70AA /* homework2_movetopage.xcdatamodeld */ = {
			isa = XCVersionGroup;
			children = (
				72A25F4A20A9708900FB70AA /* homework2_movetopage.xcdatamodel */,
			);
			currentVersion = 72A25F4A20A9708900FB70AA /* homework2_movetopage.xcdatamodel */;
			path = homework2_movetopage.xcdatamodeld;
			sourceTree = "<group>";
			versionGroupType = wrapper.xcdatamodel;
		};
/* End XCVersionGroup section */
	};
	rootObject = 72A25F3720A9708900FB70AA /* Project object */;
}
